{
  "nodes": {
    "flake-compat": {
      "flake": false,
      "locked": {
        "lastModified": 1606424373,
        "narHash": "sha256-oq8d4//CJOrVj+EcOaSXvMebvuTkmBJuT5tzlfewUnQ=",
        "owner": "edolstra",
        "repo": "flake-compat",
        "rev": "99f1c2157fba4bfe6211a321fd0ee43199025dbf",
        "type": "github"
      },
      "original": {
        "owner": "edolstra",
        "repo": "flake-compat",
        "type": "github"
      }
    },
    "flake-compat_2": {
      "flake": false,
      "locked": {
        "lastModified": 1606424373,
        "narHash": "sha256-oq8d4//CJOrVj+EcOaSXvMebvuTkmBJuT5tzlfewUnQ=",
        "owner": "edolstra",
        "repo": "flake-compat",
        "rev": "99f1c2157fba4bfe6211a321fd0ee43199025dbf",
        "type": "github"
      },
      "original": {
        "owner": "edolstra",
        "repo": "flake-compat",
        "type": "github"
      }
    },
    "flake-compat_3": {
      "flake": false,
      "locked": {
        "lastModified": 1606424373,
        "narHash": "sha256-oq8d4//CJOrVj+EcOaSXvMebvuTkmBJuT5tzlfewUnQ=",
        "owner": "edolstra",
        "repo": "flake-compat",
        "rev": "99f1c2157fba4bfe6211a321fd0ee43199025dbf",
        "type": "github"
      },
      "original": {
        "owner": "edolstra",
        "repo": "flake-compat",
        "type": "github"
      }
    },
    "flake-utils": {
      "locked": {
        "lastModified": 1623875721,
        "narHash": "sha256-A8BU7bjS5GirpAUv4QA+QnJ4CceLHkcXdRp4xITDB0s=",
        "owner": "numtide",
        "repo": "flake-utils",
        "rev": "f7e004a55b120c02ecb6219596820fcd32ca8772",
        "type": "github"
      },
      "original": {
        "owner": "numtide",
        "repo": "flake-utils",
        "type": "github"
      }
    },
    "flake-utils_2": {
      "locked": {
        "lastModified": 1623875721,
        "narHash": "sha256-A8BU7bjS5GirpAUv4QA+QnJ4CceLHkcXdRp4xITDB0s=",
        "owner": "numtide",
        "repo": "flake-utils",
        "rev": "f7e004a55b120c02ecb6219596820fcd32ca8772",
        "type": "github"
      },
      "original": {
        "owner": "numtide",
        "repo": "flake-utils",
        "type": "github"
      }
    },
    "flake-utils_3": {
      "locked": {
        "lastModified": 1623875721,
        "narHash": "sha256-A8BU7bjS5GirpAUv4QA+QnJ4CceLHkcXdRp4xITDB0s=",
        "owner": "numtide",
        "repo": "flake-utils",
        "rev": "f7e004a55b120c02ecb6219596820fcd32ca8772",
        "type": "github"
      },
      "original": {
        "owner": "numtide",
        "repo": "flake-utils",
        "type": "github"
      }
    },
    "general-registry": {
      "flake": false,
      "locked": {
        "lastModified": 1626200534,
        "narHash": "sha256-kx0YAb5fcxxS0zgSuSp60RIVjt0iOvyLnBREfnDTWjw=",
        "owner": "JuliaRegistries",
        "repo": "General",
        "rev": "10856495f305186e462e362b7f640658a0b181ed",
        "type": "github"
      },
      "original": {
        "owner": "JuliaRegistries",
        "repo": "General",
        "type": "github"
      }
    },
    "home-manager": {
      "inputs": {
        "nixpkgs": "nixpkgs"
      },
      "locked": {
        "lastModified": 1626073055,
        "narHash": "sha256-vocByfpVu6m9zvtJugDvmd6/9iT2HJuG4tmDICKd0lI=",
        "owner": "nix-community",
        "repo": "home-manager",
        "rev": "775cb20bd4af7781fbf336fb201df02ee3d544bb",
        "type": "github"
      },
      "original": {
        "owner": "nix-community",
        "repo": "home-manager",
        "type": "github"
      }
    },
    "neovim-flake": {
      "inputs": {
        "flake-utils": "flake-utils_3",
        "nixpkgs": [
          "nixpkgs"
        ]
      },
      "locked": {
        "dir": "contrib",
        "lastModified": 1626028466,
        "narHash": "sha256-VllZxGqV5X0NCWq+LqrZb69jOwXgvqnNnpJ7QBIV3uc=",
        "owner": "neovim",
        "repo": "neovim",
        "rev": "eece0735fe3b4f70747644ebf5daf7320f441616",
        "type": "github"
      },
      "original": {
        "dir": "contrib",
        "owner": "neovim",
        "repo": "neovim",
        "type": "github"
      }
    },
    "neovim-nightly-overlay": {
      "inputs": {
        "flake-compat": "flake-compat_3",
        "neovim-flake": "neovim-flake",
        "nixpkgs": "nixpkgs_2"
      },
      "locked": {
        "lastModified": 1626163964,
        "narHash": "sha256-TJ4PIswmtzq/2LZiR/d0ZnWZUTgLCKQECWFfgGLRs+I=",
        "owner": "nix-community",
        "repo": "neovim-nightly-overlay",
        "rev": "fd90ea51fc8d64509b92c4ed229bae794b4a09c5",
        "type": "github"
      },
      "original": {
        "owner": "nix-community",
        "repo": "neovim-nightly-overlay",
        "type": "github"
      }
    },
    "nix-home": {
      "inputs": {
        "flake-compat": "flake-compat_2",
        "flake-utils": "flake-utils_2",
        "home-manager": "home-manager",
        "neovim-nightly-overlay": "neovim-nightly-overlay",
        "nixpkgs": "nixpkgs_3",
        "nixpkgs-fork": "nixpkgs-fork"
      },
      "locked": {
        "dir": "nix-home",
        "lastModified": 1626201334,
        "narHash": "sha256-lit07ZoB/63TewxU6h1n8LJoNIxd3WXlhkDYnPgkt7M=",
        "owner": "colinxs",
        "repo": "home",
        "rev": "62a1a9afcbe320f90abb5459a13cf3747b01ded3",
        "type": "github"
      },
      "original": {
        "dir": "nix-home",
        "owner": "colinxs",
        "repo": "home",
        "type": "github"
      }
    },
    "nixpkgs": {
      "locked": {
        "lastModified": 1626200605,
        "narHash": "sha256-v6BFcTyD+dlH/saWTc3n1NnvkeqAr0MtPwU4bPz9QEw=",
        "owner": "NixOS",
        "repo": "nixpkgs",
        "rev": "c149772546705bdc12aba0a141f27dc3cb11bd4d",
        "type": "github"
      },
      "original": {
        "id": "nixpkgs",
        "type": "indirect"
      }
    },
    "nixpkgs-fork": {
      "locked": {
        "lastModified": 1622622008,
        "narHash": "sha256-zjQuHKCk9Foz/4YY8ignBlHIGQX2or9EbSMmw6JVoAU=",
        "owner": "colinxs",
        "repo": "nixpkgs",
        "rev": "90d330edc29288a5c77c9faa7dfac6a78b128734",
        "type": "github"
      },
      "original": {
        "owner": "colinxs",
        "repo": "nixpkgs",
        "type": "github"
      }
    },
    "nixpkgs_2": {
      "locked": {
        "lastModified": 1625954936,
        "narHash": "sha256-SRCR1sPRr2zqbTvNfkN/uZ/7OgW5orY0IOjU2QWT3jo=",
        "owner": "nixos",
        "repo": "nixpkgs",
        "rev": "8743b115bbac05b0dd802149594c747bbab1de26",
        "type": "github"
      },
      "original": {
        "owner": "nixos",
        "ref": "nixos-unstable",
        "repo": "nixpkgs",
        "type": "github"
      }
    },
    "nixpkgs_3": {
      "locked": {
        "lastModified": 1626046891,
        "narHash": "sha256-Zt8saH+hAehXskW0iFAzk+iMillYoFBxvLReYNqGT9E=",
        "owner": "NixOS",
        "repo": "nixpkgs",
        "rev": "d8f8f31af9d77a48220e4e8a301d1e79774cb7d2",
        "type": "github"
      },
      "original": {
        "id": "nixpkgs",
        "ref": "nixos-unstable",
        "type": "indirect"
      }
    },
    "nixpkgs_4": {
      "locked": {
        "lastModified": 1626046891,
        "narHash": "sha256-Zt8saH+hAehXskW0iFAzk+iMillYoFBxvLReYNqGT9E=",
        "owner": "nixos",
        "repo": "nixpkgs",
        "rev": "d8f8f31af9d77a48220e4e8a301d1e79774cb7d2",
        "type": "github"
      },
      "original": {
        "owner": "nixos",
        "ref": "nixos-unstable",
        "repo": "nixpkgs",
        "type": "github"
      }
    },
    "personal-registry": {
      "flake": false,
      "locked": {
        "lastModified": 1617882362,
        "narHash": "sha256-+Gk6MmbXmVWe01BMDGSOtpPvLPRnnLMfMy6vjgAfuJE=",
        "owner": "colinxs",
        "repo": "JuliaRegistry",
        "rev": "0151ec459b6cd42b89f89d50ed361399fb027464",
        "type": "github"
      },
      "original": {
        "owner": "colinxs",
        "repo": "JuliaRegistry",
        "type": "github"
      }
    },
    "root": {
      "inputs": {
        "flake-compat": "flake-compat",
        "flake-utils": "flake-utils",
        "general-registry": "general-registry",
        "nix-home": "nix-home",
        "nixpkgs": "nixpkgs_4",
        "personal-registry": "personal-registry"
      }
    }
  },
  "root": "root",
  "version": 7
}
