{
  "nodes": {
    "flake-compat": {
      "flake": false,
      "locked": {
        "lastModified": 1606424373,
        "narHash": "sha256-oq8d4//CJOrVj+EcOaSXvMebvuTkmBJuT5tzlfewUnQ=",
        "owner": "edolstra",
        "repo": "flake-compat",
        "rev": "99f1c2157fba4bfe6211a321fd0ee43199025dbf",
        "type": "github"
      },
      "original": {
        "owner": "edolstra",
        "repo": "flake-compat",
        "type": "github"
      }
    },
    "flake-compat_2": {
      "flake": false,
      "locked": {
        "lastModified": 1606424373,
        "narHash": "sha256-oq8d4//CJOrVj+EcOaSXvMebvuTkmBJuT5tzlfewUnQ=",
        "owner": "edolstra",
        "repo": "flake-compat",
        "rev": "99f1c2157fba4bfe6211a321fd0ee43199025dbf",
        "type": "github"
      },
      "original": {
        "owner": "edolstra",
        "repo": "flake-compat",
        "type": "github"
      }
    },
    "flake-compat_3": {
      "flake": false,
      "locked": {
        "lastModified": 1606424373,
        "narHash": "sha256-oq8d4//CJOrVj+EcOaSXvMebvuTkmBJuT5tzlfewUnQ=",
        "owner": "edolstra",
        "repo": "flake-compat",
        "rev": "99f1c2157fba4bfe6211a321fd0ee43199025dbf",
        "type": "github"
      },
      "original": {
        "owner": "edolstra",
        "repo": "flake-compat",
        "type": "github"
      }
    },
    "flake-utils": {
      "locked": {
        "lastModified": 1623875721,
        "narHash": "sha256-A8BU7bjS5GirpAUv4QA+QnJ4CceLHkcXdRp4xITDB0s=",
        "owner": "numtide",
        "repo": "flake-utils",
        "rev": "f7e004a55b120c02ecb6219596820fcd32ca8772",
        "type": "github"
      },
      "original": {
        "owner": "numtide",
        "repo": "flake-utils",
        "type": "github"
      }
    },
    "flake-utils_2": {
      "locked": {
        "lastModified": 1620759905,
        "narHash": "sha256-WiyWawrgmyN0EdmiHyG2V+fqReiVi8bM9cRdMaKQOFg=",
        "owner": "numtide",
        "repo": "flake-utils",
        "rev": "b543720b25df6ffdfcf9227afafc5b8c1fabfae8",
        "type": "github"
      },
      "original": {
        "owner": "numtide",
        "repo": "flake-utils",
        "type": "github"
      }
    },
    "flake-utils_3": {
      "locked": {
        "lastModified": 1610051610,
        "narHash": "sha256-U9rPz/usA1/Aohhk7Cmc2gBrEEKRzcW4nwPWMPwja4Y=",
        "owner": "numtide",
        "repo": "flake-utils",
        "rev": "3982c9903e93927c2164caa727cd3f6a0e6d14cc",
        "type": "github"
      },
      "original": {
        "owner": "numtide",
        "repo": "flake-utils",
        "type": "github"
      }
    },
    "general-registry": {
      "flake": false,
      "locked": {
        "lastModified": 1625702304,
        "narHash": "sha256-K71EOfCjSbGnCK3dmrfjWyAQyUPV7jtduAb/byCvqA4=",
        "owner": "JuliaRegistries",
        "repo": "General",
        "rev": "6abff9161c1d77dd46c8e8adf3eac520dac5cc42",
        "type": "github"
      },
      "original": {
        "owner": "JuliaRegistries",
        "repo": "General",
        "type": "github"
      }
    },
    "home-manager": {
      "inputs": {
        "nixpkgs": [
          "nixpkgs"
        ]
      },
      "locked": {
        "lastModified": 1621795431,
        "narHash": "sha256-UQA8lvlUOQyImcOiDtq+7ets6UZRaWIyOwftZNTnnpQ=",
        "owner": "colinxs",
        "repo": "home-manager",
        "rev": "659f97bdee42246cde0b48b7b70b2742b46782e6",
        "type": "github"
      },
      "original": {
        "owner": "colinxs",
        "repo": "home-manager",
        "type": "github"
      }
    },
    "neovim-flake": {
      "inputs": {
        "flake-utils": "flake-utils_3",
        "nixpkgs": [
          "nixpkgs"
        ]
      },
      "locked": {
        "dir": "contrib",
        "lastModified": 1621804538,
        "narHash": "sha256-nQh143ZcRKu3sEC8M/Ei6825Kr0Q4nQcjNw4QRKkgi0=",
        "owner": "neovim",
        "repo": "neovim",
        "rev": "0a653f7ab98dfc05bf0532b9f81bc19377031900",
        "type": "github"
      },
      "original": {
        "dir": "contrib",
        "owner": "neovim",
        "repo": "neovim",
        "type": "github"
      }
    },
    "neovim-nightly-overlay": {
      "inputs": {
        "flake-compat": "flake-compat_3",
        "neovim-flake": "neovim-flake",
        "nixpkgs": "nixpkgs"
      },
      "locked": {
        "lastModified": 1621844069,
        "narHash": "sha256-6jLY3Zlz6c5AEDZ4XzeymB6wz+ixsMITAuHryx7ftg8=",
        "owner": "nix-community",
        "repo": "neovim-nightly-overlay",
        "rev": "ec583ae1cb5e2431846fa9a7c247f145591b6a70",
        "type": "github"
      },
      "original": {
        "owner": "nix-community",
        "repo": "neovim-nightly-overlay",
        "type": "github"
      }
    },
    "nix-home": {
      "inputs": {
        "flake-compat": "flake-compat_2",
        "flake-utils": "flake-utils_2",
        "home-manager": "home-manager",
        "neovim-nightly-overlay": "neovim-nightly-overlay",
        "nixpkgs": "nixpkgs_2",
        "nixpkgs-fork": "nixpkgs-fork"
      },
      "locked": {
        "dir": "nix-home",
        "lastModified": 1621986974,
        "narHash": "sha256-/o4fD54rSwhUPnwgSYd1BWEgqoxOSfBa2DbdTwElZQo=",
        "owner": "colinxs",
        "repo": "home",
        "rev": "bf76d2a6ddfb97f5520ea58a42555c7f707c7b07",
        "type": "github"
      },
      "original": {
        "dir": "nix-home",
        "owner": "colinxs",
        "repo": "home",
        "type": "github"
      }
    },
    "nixpkgs": {
      "locked": {
        "lastModified": 1621728353,
        "narHash": "sha256-cgRKslcI/lG5wnxgt1z6OGm+JnzmBqyR8m/JzpUNpYQ=",
        "owner": "nixos",
        "repo": "nixpkgs",
        "rev": "900115a4f7fdd9189e7803ca781a65be663f2c89",
        "type": "github"
      },
      "original": {
        "owner": "nixos",
        "ref": "nixos-unstable",
        "repo": "nixpkgs",
        "type": "github"
      }
    },
    "nixpkgs-fork": {
      "locked": {
        "lastModified": 1621903566,
        "narHash": "sha256-pfLL9AMz13i0cIjWbiOEwzalibFhsj3CRCIWTqoXpzI=",
        "owner": "colinxs",
        "repo": "nixpkgs",
        "rev": "78de163085ed5e3e43ff0f2a2ba817389f342ca7",
        "type": "github"
      },
      "original": {
        "owner": "colinxs",
        "repo": "nixpkgs",
        "type": "github"
      }
    },
    "nixpkgs_2": {
      "locked": {
        "lastModified": 1621728353,
        "narHash": "sha256-cgRKslcI/lG5wnxgt1z6OGm+JnzmBqyR8m/JzpUNpYQ=",
        "owner": "NixOS",
        "repo": "nixpkgs",
        "rev": "900115a4f7fdd9189e7803ca781a65be663f2c89",
        "type": "github"
      },
      "original": {
        "id": "nixpkgs",
        "ref": "nixos-unstable",
        "type": "indirect"
      }
    },
    "nixpkgs_3": {
      "locked": {
        "lastModified": 1625533413,
        "narHash": "sha256-D4Dp2qDmY3Y9/Mqxsha/18F0RsH3hPiHafG4bvTz2V4=",
        "owner": "nixos",
        "repo": "nixpkgs",
        "rev": "036dc0c709650e0c833822307af801f576d67273",
        "type": "github"
      },
      "original": {
        "owner": "nixos",
        "ref": "nixos-unstable",
        "repo": "nixpkgs",
        "type": "github"
      }
    },
    "personal-registry": {
      "flake": false,
      "locked": {
        "lastModified": 1617882362,
        "narHash": "sha256-+Gk6MmbXmVWe01BMDGSOtpPvLPRnnLMfMy6vjgAfuJE=",
        "owner": "colinxs",
        "repo": "JuliaRegistry",
        "rev": "0151ec459b6cd42b89f89d50ed361399fb027464",
        "type": "github"
      },
      "original": {
        "owner": "colinxs",
        "repo": "JuliaRegistry",
        "type": "github"
      }
    },
    "root": {
      "inputs": {
        "flake-compat": "flake-compat",
        "flake-utils": "flake-utils",
        "general-registry": "general-registry",
        "nix-home": "nix-home",
        "nixpkgs": "nixpkgs_3",
        "personal-registry": "personal-registry"
      }
    }
  },
  "root": "root",
  "version": 7
}
