{
  "nodes": {
    "devshell": {
      "locked": {
        "lastModified": 1618523768,
        "narHash": "sha256-Gev9da35pHUey3kGz/zrJFc/9ICs++vPCho7qB1mqd8=",
        "owner": "numtide",
        "repo": "devshell",
        "rev": "709fe4d04a9101c9d224ad83f73416dce71baf21",
        "type": "github"
      },
      "original": {
        "owner": "numtide",
        "repo": "devshell",
        "type": "github"
      }
    },
    "flake-compat": {
      "flake": false,
      "locked": {
        "lastModified": 1606424373,
        "narHash": "sha256-oq8d4//CJOrVj+EcOaSXvMebvuTkmBJuT5tzlfewUnQ=",
        "owner": "edolstra",
        "repo": "flake-compat",
        "rev": "99f1c2157fba4bfe6211a321fd0ee43199025dbf",
        "type": "github"
      },
      "original": {
        "owner": "edolstra",
        "repo": "flake-compat",
        "type": "github"
      }
    },
    "flake-compat_2": {
      "flake": false,
      "locked": {
        "lastModified": 1606424373,
        "narHash": "sha256-oq8d4//CJOrVj+EcOaSXvMebvuTkmBJuT5tzlfewUnQ=",
        "owner": "edolstra",
        "repo": "flake-compat",
        "rev": "99f1c2157fba4bfe6211a321fd0ee43199025dbf",
        "type": "github"
      },
      "original": {
        "owner": "edolstra",
        "repo": "flake-compat",
        "type": "github"
      }
    },
    "flake-compat_3": {
      "flake": false,
      "locked": {
        "lastModified": 1606424373,
        "narHash": "sha256-oq8d4//CJOrVj+EcOaSXvMebvuTkmBJuT5tzlfewUnQ=",
        "owner": "edolstra",
        "repo": "flake-compat",
        "rev": "99f1c2157fba4bfe6211a321fd0ee43199025dbf",
        "type": "github"
      },
      "original": {
        "owner": "edolstra",
        "repo": "flake-compat",
        "type": "github"
      }
    },
    "flake-utils": {
      "locked": {
        "lastModified": 1618868421,
        "narHash": "sha256-vyoJhLV6cJ8/tWz+l9HZLIkb9Rd9esE7p+0RL6zDR6Y=",
        "owner": "numtide",
        "repo": "flake-utils",
        "rev": "eed214942bcfb3a8cc09eb3b28ca7d7221e44a94",
        "type": "github"
      },
      "original": {
        "owner": "numtide",
        "repo": "flake-utils",
        "type": "github"
      }
    },
    "flake-utils_2": {
      "locked": {
        "lastModified": 1618868421,
        "narHash": "sha256-vyoJhLV6cJ8/tWz+l9HZLIkb9Rd9esE7p+0RL6zDR6Y=",
        "owner": "numtide",
        "repo": "flake-utils",
        "rev": "eed214942bcfb3a8cc09eb3b28ca7d7221e44a94",
        "type": "github"
      },
      "original": {
        "owner": "numtide",
        "repo": "flake-utils",
        "type": "github"
      }
    },
    "flake-utils_3": {
      "locked": {
        "lastModified": 1610051610,
        "narHash": "sha256-U9rPz/usA1/Aohhk7Cmc2gBrEEKRzcW4nwPWMPwja4Y=",
        "owner": "numtide",
        "repo": "flake-utils",
        "rev": "3982c9903e93927c2164caa727cd3f6a0e6d14cc",
        "type": "github"
      },
      "original": {
        "owner": "numtide",
        "repo": "flake-utils",
        "type": "github"
      }
    },
    "general-registry": {
      "flake": false,
      "locked": {
        "lastModified": 1619292342,
        "narHash": "sha256-ViyugED6286P6bHSB8ltceRslKzcqbteLto9WE9neHQ=",
        "owner": "JuliaRegistries",
        "repo": "General",
        "rev": "5d67b0dec226cdb2d80d474b8f8f7c2e2429f7a1",
        "type": "github"
      },
      "original": {
        "owner": "JuliaRegistries",
        "repo": "General",
        "type": "github"
      }
    },
    "home-manager": {
      "inputs": {
        "nixpkgs": [
          "nixpkgs"
        ]
      },
      "locked": {
        "lastModified": 1618962339,
        "narHash": "sha256-Ecud4mXuA96NTCDUWGp5GVVNarZFWZL3YUZ0I8mQKIs=",
        "owner": "nix-community",
        "repo": "home-manager",
        "rev": "db00b39a9abec04245486a01b236b8d9734c9ad0",
        "type": "github"
      },
      "original": {
        "owner": "nix-community",
        "repo": "home-manager",
        "type": "github"
      }
    },
    "neovim-flake": {
      "inputs": {
        "flake-utils": "flake-utils_3",
        "nixpkgs": [
          "nixpkgs"
        ]
      },
      "locked": {
        "dir": "contrib",
        "lastModified": 1619054584,
        "narHash": "sha256-GpU4ERuwY9RBPHegQUxivzVqT2nqd/uCz5BZ6q72zjk=",
        "owner": "neovim",
        "repo": "neovim",
        "rev": "4570d04b16b4de0731455681f4db4bd27c77fc4c",
        "type": "github"
      },
      "original": {
        "dir": "contrib",
        "owner": "neovim",
        "repo": "neovim",
        "type": "github"
      }
    },
    "neovim-nightly-overlay": {
      "inputs": {
        "flake-compat": "flake-compat_3",
        "neovim-flake": "neovim-flake",
        "nixpkgs": [
          "nixpkgs"
        ]
      },
      "locked": {
        "lastModified": 1619079693,
        "narHash": "sha256-VVnT+QJv3a7ROSsCaqrUulpAQD+5KPkt0i0suJ6QDSg=",
        "owner": "nix-community",
        "repo": "neovim-nightly-overlay",
        "rev": "6748df490e851ec83a7b36fbd006380955919b7a",
        "type": "github"
      },
      "original": {
        "owner": "nix-community",
        "repo": "neovim-nightly-overlay",
        "type": "github"
      }
    },
    "nix-home": {
      "inputs": {
        "devshell": "devshell",
        "flake-compat": "flake-compat_2",
        "flake-utils": "flake-utils_2",
        "home-manager": "home-manager",
        "neovim-nightly-overlay": "neovim-nightly-overlay",
        "nixpkgs": [
          "nixpkgs"
        ]
      },
      "locked": {
        "dir": "nix-home",
        "lastModified": 1619290829,
        "narHash": "sha256-p93LWtyFQRAtzTjB+qbLA0NBFYmQzK4C77zIOgIXakI=",
        "owner": "colinxs",
        "repo": "home",
        "rev": "09fef0af0778097a8286fd3e1abff42ca48ce935",
        "type": "github"
      },
      "original": {
        "dir": "nix-home",
        "owner": "colinxs",
        "ref": "flake",
        "repo": "home",
        "type": "github"
      }
    },
    "nixpkgs": {
      "locked": {
        "lastModified": 1619221025,
        "narHash": "sha256-bso6y22DPcAqDilUoRqqWWORr7vo0mgNr0bQ+2d70YU=",
        "owner": "nixos",
        "repo": "nixpkgs",
        "rev": "1df834e6c6e16c21dde13d269b314c2cc223e2f2",
        "type": "github"
      },
      "original": {
        "owner": "nixos",
        "ref": "nixpkgs-unstable",
        "repo": "nixpkgs",
        "type": "github"
      }
    },
    "personal-registry": {
      "flake": false,
      "locked": {
        "lastModified": 1617882362,
        "narHash": "sha256-+Gk6MmbXmVWe01BMDGSOtpPvLPRnnLMfMy6vjgAfuJE=",
        "owner": "colinxs",
        "repo": "JuliaRegistry",
        "rev": "0151ec459b6cd42b89f89d50ed361399fb027464",
        "type": "github"
      },
      "original": {
        "owner": "colinxs",
        "repo": "JuliaRegistry",
        "type": "github"
      }
    },
    "root": {
      "inputs": {
        "flake-compat": "flake-compat",
        "flake-utils": "flake-utils",
        "general-registry": "general-registry",
        "nix-home": "nix-home",
        "nixpkgs": "nixpkgs",
        "personal-registry": "personal-registry"
      }
    }
  },
  "root": "root",
  "version": 7
}
